// !$*UTF8*$!
{
	archiveVersion = 1;
	classes = {
	};
	objectVersion = 56;
	objects = {

/* Begin PBXBuildFile section */
		BD1C10E62E1D9FAD00810CB4 /* Lilex-Regular.ttf in Resources */ = {isa = PBXBuildFile; fileRef = BD1C10E42E1D9FAD00810CB4 /* Lilex-Regular.ttf */; };
		BD1C10E72E1D9FAD00810CB4 /* FiraCode-Regular.ttf in Resources */ = {isa = PBXBuildFile; fileRef = BD1C10E22E1D9FAD00810CB4 /* FiraCode-Regular.ttf */; };
		BD1C10E82E1D9FAD00810CB4 /* ConsolaVD3-Regular.ttf in Resources */ = {isa = PBXBuildFile; fileRef = BD1C10E12E1D9FAD00810CB4 /* ConsolaVD3-Regular.ttf */; };
		BD1C10E92E1D9FAD00810CB4 /* JetBrainsMono-Regular.ttf in Resources */ = {isa = PBXBuildFile; fileRef = BD1C10E32E1D9FAD00810CB4 /* JetBrainsMono-Regular.ttf */; };
		BD521C662E18AE33000F1E35 /* ColorTheme.swift in Sources */ = {isa = PBXBuildFile; fileRef = BD521C652E18AE33000F1E35 /* ColorTheme.swift */; };
		BD6D845B2E0B6D4500842F22 /* CodeAppearanceView.swift in Sources */ = {isa = PBXBuildFile; fileRef = BD6D845A2E0B6D4500842F22 /* CodeAppearanceView.swift */; };
		BD6D845D2E0B787400842F22 /* Colors.xcassets in Resources */ = {isa = PBXBuildFile; fileRef = BD6D845C2E0B787400842F22 /* Colors.xcassets */; };
		BD6D845F2E0BA54800842F22 /* IconicLabelStyle.swift in Sources */ = {isa = PBXBuildFile; fileRef = BD6D845E2E0BA54800842F22 /* IconicLabelStyle.swift */; };
		BDA6F6BC2E08944500C000D6 /* RuntimeTypeSearchScope.swift in Sources */ = {isa = PBXBuildFile; fileRef = BDA6F6BB2E08944500C000D6 /* RuntimeTypeSearchScope.swift */; };
		BDDD7E622E19F1FE0098A102 /* View+.swift in Sources */ = {isa = PBXBuildFile; fileRef = BDDD7E612E19F1FE0098A102 /* View+.swift */; };
		BDDD7E642E19F7350098A102 /* SemanticColor.swift in Sources */ = {isa = PBXBuildFile; fileRef = BDDD7E632E19F7350098A102 /* SemanticColor.swift */; };
		C02164CF2D658EC3007FB6E5 /* Color+.swift in Sources */ = {isa = PBXBuildFile; fileRef = C02164CE2D658EC3007FB6E5 /* Color+.swift */; };
		C02164D12D658F1D007FB6E5 /* CodePreferences.swift in Sources */ = {isa = PBXBuildFile; fileRef = C02164D02D658F1D007FB6E5 /* CodePreferences.swift */; };
		C04090CA2D2759260013D8F7 /* ClassDumpRuntime in Frameworks */ = {isa = PBXBuildFile; productRef = C04090C92D2759260013D8F7 /* ClassDumpRuntime */; };
		C045C6AE2D8B85C2008682CE /* HistoryManager.swift in Sources */ = {isa = PBXBuildFile; fileRef = C045C6AD2D8B85C2008682CE /* HistoryManager.swift */; };
		C045C6B02D8B86D7008682CE /* SettingsManager.swift in Sources */ = {isa = PBXBuildFile; fileRef = C045C6AF2D8B86D7008682CE /* SettingsManager.swift */; };
		C045C6B22D8B8721008682CE /* SettingsView.swift in Sources */ = {isa = PBXBuildFile; fileRef = C045C6B12D8B8721008682CE /* SettingsView.swift */; };
		C0567E3D2D8D2504002D65DE /* AppearancePopover.swift in Sources */ = {isa = PBXBuildFile; fileRef = C0567E3C2D8D2504002D65DE /* AppearancePopover.swift */; };
		C0D81D322D6451F1005358AD /* HistoryView.swift in Sources */ = {isa = PBXBuildFile; fileRef = C0D81D312D6451F1005358AD /* HistoryView.swift */; };
		C0D81D352D645388005358AD /* ImageRuntimeObjectsViewModel.swift in Sources */ = {isa = PBXBuildFile; fileRef = C0D81D342D645388005358AD /* ImageRuntimeObjectsViewModel.swift */; };
		C0D81D372D645422005358AD /* RuntimeObjectsViewModel.swift in Sources */ = {isa = PBXBuildFile; fileRef = C0D81D362D645422005358AD /* RuntimeObjectsViewModel.swift */; };
		FA6BEDCB2BD5941500D20C6F /* RuntimeObjectsList.swift in Sources */ = {isa = PBXBuildFile; fileRef = FA6BEDCA2BD5941500D20C6F /* RuntimeObjectsList.swift */; };
		FA9687E92B8338E100123476 /* NamedNode.swift in Sources */ = {isa = PBXBuildFile; fileRef = FA9687E82B8338E100123476 /* NamedNode.swift */; };
		FA9687EB2B833C1700123476 /* RuntimeObjectType.swift in Sources */ = {isa = PBXBuildFile; fileRef = FA9687EA2B833C1700123476 /* RuntimeObjectType.swift */; };
		FA9687ED2B833C3200123476 /* RuntimeObjectDetail.swift in Sources */ = {isa = PBXBuildFile; fileRef = FA9687EC2B833C3200123476 /* RuntimeObjectDetail.swift */; };
		FA9687EF2B833D5F00123476 /* RuntimeObjectRow.swift in Sources */ = {isa = PBXBuildFile; fileRef = FA9687EE2B833D5F00123476 /* RuntimeObjectRow.swift */; };
		FA9687F12B8366B500123476 /* NamedNodeRow.swift in Sources */ = {isa = PBXBuildFile; fileRef = FA9687F02B8366B400123476 /* NamedNodeRow.swift */; };
		FA9687F32B8433B900123476 /* SemanticStringView.swift in Sources */ = {isa = PBXBuildFile; fileRef = FA9687F22B8433B900123476 /* SemanticStringView.swift */; };
		FAAA8C0F2B85788700BD85B4 /* ImageRuntimeObjectsView.swift in Sources */ = {isa = PBXBuildFile; fileRef = FAAA8C0E2B85788700BD85B4 /* ImageRuntimeObjectsView.swift */; };
		FAAA8C132B857A1300BD85B4 /* RuntimeListings.swift in Sources */ = {isa = PBXBuildFile; fileRef = FAAA8C122B857A1300BD85B4 /* RuntimeListings.swift */; };
		FAD661F82B81D1210000D2A6 /* App.swift in Sources */ = {isa = PBXBuildFile; fileRef = FAD661F72B81D1210000D2A6 /* App.swift */; };
		FAD661FA2B81D1210000D2A6 /* ContentView.swift in Sources */ = {isa = PBXBuildFile; fileRef = FAD661F92B81D1210000D2A6 /* ContentView.swift */; };
		FAD661FC2B81D1220000D2A6 /* Assets.xcassets in Resources */ = {isa = PBXBuildFile; fileRef = FAD661FB2B81D1220000D2A6 /* Assets.xcassets */; };
/* End PBXBuildFile section */

/* Begin PBXCopyFilesBuildPhase section */
		FAE3C1732B81F7B700242A99 /* Embed Frameworks */ = {
			isa = PBXCopyFilesBuildPhase;
			buildActionMask = 2147483647;
			dstPath = "";
			dstSubfolderSpec = 10;
			files = (
			);
			name = "Embed Frameworks";
			runOnlyForDeploymentPostprocessing = 0;
		};
/* End PBXCopyFilesBuildPhase section */

/* Begin PBXFileReference section */
		BD1C10E12E1D9FAD00810CB4 /* ConsolaVD3-Regular.ttf */ = {isa = PBXFileReference; lastKnownFileType = file; path = "ConsolaVD3-Regular.ttf"; sourceTree = "<group>"; };
		BD1C10E22E1D9FAD00810CB4 /* FiraCode-Regular.ttf */ = {isa = PBXFileReference; lastKnownFileType = file; path = "FiraCode-Regular.ttf"; sourceTree = "<group>"; };
		BD1C10E32E1D9FAD00810CB4 /* JetBrainsMono-Regular.ttf */ = {isa = PBXFileReference; lastKnownFileType = file; path = "JetBrainsMono-Regular.ttf"; sourceTree = "<group>"; };
		BD1C10E42E1D9FAD00810CB4 /* Lilex-Regular.ttf */ = {isa = PBXFileReference; lastKnownFileType = file; path = "Lilex-Regular.ttf"; sourceTree = "<group>"; };
		BD521C652E18AE33000F1E35 /* ColorTheme.swift */ = {isa = PBXFileReference; lastKnownFileType = sourcecode.swift; path = ColorTheme.swift; sourceTree = "<group>"; };
		BD6D845A2E0B6D4500842F22 /* CodeAppearanceView.swift */ = {isa = PBXFileReference; lastKnownFileType = sourcecode.swift; path = CodeAppearanceView.swift; sourceTree = "<group>"; };
		BD6D845C2E0B787400842F22 /* Colors.xcassets */ = {isa = PBXFileReference; lastKnownFileType = folder.assetcatalog; path = Colors.xcassets; sourceTree = "<group>"; };
		BD6D845E2E0BA54800842F22 /* IconicLabelStyle.swift */ = {isa = PBXFileReference; lastKnownFileType = sourcecode.swift; path = IconicLabelStyle.swift; sourceTree = "<group>"; };
		BDA6F6BB2E08944500C000D6 /* RuntimeTypeSearchScope.swift */ = {isa = PBXFileReference; lastKnownFileType = sourcecode.swift; path = RuntimeTypeSearchScope.swift; sourceTree = "<group>"; };
		BDDD7E612E19F1FE0098A102 /* View+.swift */ = {isa = PBXFileReference; lastKnownFileType = sourcecode.swift; path = "View+.swift"; sourceTree = "<group>"; };
		BDDD7E632E19F7350098A102 /* SemanticColor.swift */ = {isa = PBXFileReference; lastKnownFileType = sourcecode.swift; path = SemanticColor.swift; sourceTree = "<group>"; };
		C02164CE2D658EC3007FB6E5 /* Color+.swift */ = {isa = PBXFileReference; lastKnownFileType = sourcecode.swift; path = "Color+.swift"; sourceTree = "<group>"; };
		C02164D02D658F1D007FB6E5 /* CodePreferences.swift */ = {isa = PBXFileReference; lastKnownFileType = sourcecode.swift; path = CodePreferences.swift; sourceTree = "<group>"; };
		C045C6AD2D8B85C2008682CE /* HistoryManager.swift */ = {isa = PBXFileReference; lastKnownFileType = sourcecode.swift; path = HistoryManager.swift; sourceTree = "<group>"; };
		C045C6AF2D8B86D7008682CE /* SettingsManager.swift */ = {isa = PBXFileReference; lastKnownFileType = sourcecode.swift; path = SettingsManager.swift; sourceTree = "<group>"; };
		C045C6B12D8B8721008682CE /* SettingsView.swift */ = {isa = PBXFileReference; lastKnownFileType = sourcecode.swift; path = SettingsView.swift; sourceTree = "<group>"; };
		C0567E3C2D8D2504002D65DE /* AppearancePopover.swift */ = {isa = PBXFileReference; lastKnownFileType = sourcecode.swift; path = AppearancePopover.swift; sourceTree = "<group>"; };
		C0D81D312D6451F1005358AD /* HistoryView.swift */ = {isa = PBXFileReference; lastKnownFileType = sourcecode.swift; path = HistoryView.swift; sourceTree = "<group>"; };
		C0D81D342D645388005358AD /* ImageRuntimeObjectsViewModel.swift */ = {isa = PBXFileReference; lastKnownFileType = sourcecode.swift; path = ImageRuntimeObjectsViewModel.swift; sourceTree = "<group>"; };
		C0D81D362D645422005358AD /* RuntimeObjectsViewModel.swift */ = {isa = PBXFileReference; lastKnownFileType = sourcecode.swift; path = RuntimeObjectsViewModel.swift; sourceTree = "<group>"; };
		FA6BEDCA2BD5941500D20C6F /* RuntimeObjectsList.swift */ = {isa = PBXFileReference; lastKnownFileType = sourcecode.swift; path = RuntimeObjectsList.swift; sourceTree = "<group>"; };
		FA9687E72B82E37E00123476 /* Info.plist */ = {isa = PBXFileReference; lastKnownFileType = text.plist.xml; path = Info.plist; sourceTree = "<group>"; };
		FA9687E82B8338E100123476 /* NamedNode.swift */ = {isa = PBXFileReference; lastKnownFileType = sourcecode.swift; path = NamedNode.swift; sourceTree = "<group>"; };
		FA9687EA2B833C1700123476 /* RuntimeObjectType.swift */ = {isa = PBXFileReference; lastKnownFileType = sourcecode.swift; path = RuntimeObjectType.swift; sourceTree = "<group>"; };
		FA9687EC2B833C3200123476 /* RuntimeObjectDetail.swift */ = {isa = PBXFileReference; lastKnownFileType = sourcecode.swift; path = RuntimeObjectDetail.swift; sourceTree = "<group>"; };
		FA9687EE2B833D5F00123476 /* RuntimeObjectRow.swift */ = {isa = PBXFileReference; lastKnownFileType = sourcecode.swift; path = RuntimeObjectRow.swift; sourceTree = "<group>"; };
		FA9687F02B8366B400123476 /* NamedNodeRow.swift */ = {isa = PBXFileReference; lastKnownFileType = sourcecode.swift; path = NamedNodeRow.swift; sourceTree = "<group>"; };
		FA9687F22B8433B900123476 /* SemanticStringView.swift */ = {isa = PBXFileReference; lastKnownFileType = sourcecode.swift; path = SemanticStringView.swift; sourceTree = "<group>"; };
		FAAA8C0E2B85788700BD85B4 /* ImageRuntimeObjectsView.swift */ = {isa = PBXFileReference; lastKnownFileType = sourcecode.swift; path = ImageRuntimeObjectsView.swift; sourceTree = "<group>"; };
		FAAA8C122B857A1300BD85B4 /* RuntimeListings.swift */ = {isa = PBXFileReference; lastKnownFileType = sourcecode.swift; path = RuntimeListings.swift; sourceTree = "<group>"; };
		FAD661F42B81D1210000D2A6 /* HeaderViewer.app */ = {isa = PBXFileReference; explicitFileType = wrapper.application; includeInIndex = 0; path = HeaderViewer.app; sourceTree = BUILT_PRODUCTS_DIR; };
		FAD661F72B81D1210000D2A6 /* App.swift */ = {isa = PBXFileReference; lastKnownFileType = sourcecode.swift; path = App.swift; sourceTree = "<group>"; };
		FAD661F92B81D1210000D2A6 /* ContentView.swift */ = {isa = PBXFileReference; lastKnownFileType = sourcecode.swift; path = ContentView.swift; sourceTree = "<group>"; };
		FAD661FB2B81D1220000D2A6 /* Assets.xcassets */ = {isa = PBXFileReference; lastKnownFileType = folder.assetcatalog; path = Assets.xcassets; sourceTree = "<group>"; };
/* End PBXFileReference section */

/* Begin PBXFrameworksBuildPhase section */
		FAD661F12B81D1210000D2A6 /* Frameworks */ = {
			isa = PBXFrameworksBuildPhase;
			buildActionMask = 2147483647;
			files = (
				C04090CA2D2759260013D8F7 /* ClassDumpRuntime in Frameworks */,
			);
			runOnlyForDeploymentPostprocessing = 0;
		};
/* End PBXFrameworksBuildPhase section */

/* Begin PBXGroup section */
		BD1C10E52E1D9FAD00810CB4 /* Fonts */ = {
			isa = PBXGroup;
			children = (
				BD1C10E12E1D9FAD00810CB4 /* ConsolaVD3-Regular.ttf */,
				BD1C10E22E1D9FAD00810CB4 /* FiraCode-Regular.ttf */,
				BD1C10E32E1D9FAD00810CB4 /* JetBrainsMono-Regular.ttf */,
				BD1C10E42E1D9FAD00810CB4 /* Lilex-Regular.ttf */,
			);
			path = Fonts;
			sourceTree = "<group>";
		};
		BDDAC1CB2E0F19820035CC96 /* Helpers */ = {
			isa = PBXGroup;
			children = (
				BDDD7E612E19F1FE0098A102 /* View+.swift */,
				C02164CE2D658EC3007FB6E5 /* Color+.swift */,
				BD6D845E2E0BA54800842F22 /* IconicLabelStyle.swift */,
			);
			path = Helpers;
			sourceTree = "<group>";
		};
		C04148B32D5D4834006DD4D6 /* Content */ = {
			isa = PBXGroup;
			children = (
				C0567E352D8D12DC002D65DE /* Settings */,
				FA9687EE2B833D5F00123476 /* RuntimeObjectRow.swift */,
				FA9687EC2B833C3200123476 /* RuntimeObjectDetail.swift */,
				FA6BEDCA2BD5941500D20C6F /* RuntimeObjectsList.swift */,
				FAAA8C0E2B85788700BD85B4 /* ImageRuntimeObjectsView.swift */,
				FA9687F22B8433B900123476 /* SemanticStringView.swift */,
				FA9687F02B8366B400123476 /* NamedNodeRow.swift */,
				C0D81D312D6451F1005358AD /* HistoryView.swift */,
			);
			path = Content;
			sourceTree = "<group>";
		};
		C04148B42D5D483E006DD4D6 /* Resources */ = {
			isa = PBXGroup;
			children = (
				FA9687E72B82E37E00123476 /* Info.plist */,
				FAD661FB2B81D1220000D2A6 /* Assets.xcassets */,
				BD6D845C2E0B787400842F22 /* Colors.xcassets */,
				BD1C10E52E1D9FAD00810CB4 /* Fonts */,
			);
			path = Resources;
			sourceTree = "<group>";
		};
		C04148B52D5D484A006DD4D6 /* Models */ = {
			isa = PBXGroup;
			children = (
				FA9687E82B8338E100123476 /* NamedNode.swift */,
				FA9687EA2B833C1700123476 /* RuntimeObjectType.swift */,
				BDA6F6BB2E08944500C000D6 /* RuntimeTypeSearchScope.swift */,
				BD521C652E18AE33000F1E35 /* ColorTheme.swift */,
				BDDD7E632E19F7350098A102 /* SemanticColor.swift */,
			);
			path = Models;
			sourceTree = "<group>";
		};
		C0567E352D8D12DC002D65DE /* Settings */ = {
			isa = PBXGroup;
			children = (
				C045C6B12D8B8721008682CE /* SettingsView.swift */,
				C0567E3C2D8D2504002D65DE /* AppearancePopover.swift */,
				BD6D845A2E0B6D4500842F22 /* CodeAppearanceView.swift */,
			);
			path = Settings;
			sourceTree = "<group>";
		};
		C0D81D332D64533E005358AD /* Services */ = {
			isa = PBXGroup;
			children = (
				FAAA8C122B857A1300BD85B4 /* RuntimeListings.swift */,
				C0D81D362D645422005358AD /* RuntimeObjectsViewModel.swift */,
				C0D81D342D645388005358AD /* ImageRuntimeObjectsViewModel.swift */,
				C02164D02D658F1D007FB6E5 /* CodePreferences.swift */,
				C045C6AD2D8B85C2008682CE /* HistoryManager.swift */,
				C045C6AF2D8B86D7008682CE /* SettingsManager.swift */,
			);
			path = Services;
			sourceTree = "<group>";
		};
		FAD661EB2B81D1210000D2A6 = {
			isa = PBXGroup;
			children = (
				FAD661F62B81D1210000D2A6 /* HeaderViewer */,
				FAD661F52B81D1210000D2A6 /* Products */,
			);
			sourceTree = "<group>";
		};
		FAD661F52B81D1210000D2A6 /* Products */ = {
			isa = PBXGroup;
			children = (
				FAD661F42B81D1210000D2A6 /* HeaderViewer.app */,
			);
			name = Products;
			sourceTree = "<group>";
		};
		FAD661F62B81D1210000D2A6 /* HeaderViewer */ = {
			isa = PBXGroup;
			children = (
				C04148B42D5D483E006DD4D6 /* Resources */,
				BDDAC1CB2E0F19820035CC96 /* Helpers */,
				C04148B52D5D484A006DD4D6 /* Models */,
				C0D81D332D64533E005358AD /* Services */,
				C04148B32D5D4834006DD4D6 /* Content */,
				FAD661F92B81D1210000D2A6 /* ContentView.swift */,
				FAD661F72B81D1210000D2A6 /* App.swift */,
			);
			path = HeaderViewer;
			sourceTree = "<group>";
		};
/* End PBXGroup section */

/* Begin PBXNativeTarget section */
		FAD661F32B81D1210000D2A6 /* HeaderViewer */ = {
			isa = PBXNativeTarget;
			buildConfigurationList = FAD662032B81D1220000D2A6 /* Build configuration list for PBXNativeTarget "HeaderViewer" */;
			buildPhases = (
				FAD661F02B81D1210000D2A6 /* Sources */,
				FAD661F12B81D1210000D2A6 /* Frameworks */,
				FAD661F22B81D1210000D2A6 /* Resources */,
				FAE3C1732B81F7B700242A99 /* Embed Frameworks */,
			);
			buildRules = (
			);
			dependencies = (
			);
			name = HeaderViewer;
			packageProductDependencies = (
				C04090C92D2759260013D8F7 /* ClassDumpRuntime */,
			);
			productName = HeaderViewer;
			productReference = FAD661F42B81D1210000D2A6 /* HeaderViewer.app */;
			productType = "com.apple.product-type.application";
		};
/* End PBXNativeTarget section */

/* Begin PBXProject section */
		FAD661EC2B81D1210000D2A6 /* Project object */ = {
			isa = PBXProject;
			attributes = {
				BuildIndependentTargetsInParallel = 1;
				LastSwiftUpdateCheck = 1520;
				LastUpgradeCheck = 1520;
				TargetAttributes = {
					FAD661F32B81D1210000D2A6 = {
						CreatedOnToolsVersion = 15.0.1;
						LastSwiftMigration = 1640;
					};
				};
			};
			buildConfigurationList = FAD661EF2B81D1210000D2A6 /* Build configuration list for PBXProject "HeaderViewer" */;
			compatibilityVersion = "Xcode 14.0";
			developmentRegion = en;
			hasScannedForEncodings = 0;
			knownRegions = (
				en,
				Base,
			);
			mainGroup = FAD661EB2B81D1210000D2A6;
			packageReferences = (
				C04090C82D2759260013D8F7 /* XCRemoteSwiftPackageReference "ClassDumpRuntime" */,
			);
			productRefGroup = FAD661F52B81D1210000D2A6 /* Products */;
			projectDirPath = "";
			projectRoot = "";
			targets = (
				FAD661F32B81D1210000D2A6 /* HeaderViewer */,
			);
		};
/* End PBXProject section */

/* Begin PBXResourcesBuildPhase section */
		FAD661F22B81D1210000D2A6 /* Resources */ = {
			isa = PBXResourcesBuildPhase;
			buildActionMask = 2147483647;
			files = (
				FAD661FC2B81D1220000D2A6 /* Assets.xcassets in Resources */,
				BD1C10E62E1D9FAD00810CB4 /* Lilex-Regular.ttf in Resources */,
				BD1C10E72E1D9FAD00810CB4 /* FiraCode-Regular.ttf in Resources */,
				BD1C10E82E1D9FAD00810CB4 /* ConsolaVD3-Regular.ttf in Resources */,
				BD1C10E92E1D9FAD00810CB4 /* JetBrainsMono-Regular.ttf in Resources */,
				BD6D845D2E0B787400842F22 /* Colors.xcassets in Resources */,
			);
			runOnlyForDeploymentPostprocessing = 0;
		};
/* End PBXResourcesBuildPhase section */

/* Begin PBXSourcesBuildPhase section */
		FAD661F02B81D1210000D2A6 /* Sources */ = {
			isa = PBXSourcesBuildPhase;
			buildActionMask = 2147483647;
			files = (
				C045C6B22D8B8721008682CE /* SettingsView.swift in Sources */,
				FA6BEDCB2BD5941500D20C6F /* RuntimeObjectsList.swift in Sources */,
				FAAA8C0F2B85788700BD85B4 /* ImageRuntimeObjectsView.swift in Sources */,
				BDDD7E622E19F1FE0098A102 /* View+.swift in Sources */,
				C045C6AE2D8B85C2008682CE /* HistoryManager.swift in Sources */,
				FA9687E92B8338E100123476 /* NamedNode.swift in Sources */,
				FA9687F32B8433B900123476 /* SemanticStringView.swift in Sources */,
				BD6D845F2E0BA54800842F22 /* IconicLabelStyle.swift in Sources */,
				C0D81D322D6451F1005358AD /* HistoryView.swift in Sources */,
				FAAA8C132B857A1300BD85B4 /* RuntimeListings.swift in Sources */,
				FA9687ED2B833C3200123476 /* RuntimeObjectDetail.swift in Sources */,
				C0567E3D2D8D2504002D65DE /* AppearancePopover.swift in Sources */,
				FA9687EF2B833D5F00123476 /* RuntimeObjectRow.swift in Sources */,
				C0D81D352D645388005358AD /* ImageRuntimeObjectsViewModel.swift in Sources */,
				FAD661FA2B81D1210000D2A6 /* ContentView.swift in Sources */,
				BDDD7E642E19F7350098A102 /* SemanticColor.swift in Sources */,
				FAD661F82B81D1210000D2A6 /* App.swift in Sources */,
				FA9687F12B8366B500123476 /* NamedNodeRow.swift in Sources */,
				C02164CF2D658EC3007FB6E5 /* Color+.swift in Sources */,
				C045C6B02D8B86D7008682CE /* SettingsManager.swift in Sources */,
				C0D81D372D645422005358AD /* RuntimeObjectsViewModel.swift in Sources */,
				FA9687EB2B833C1700123476 /* RuntimeObjectType.swift in Sources */,
				BD521C662E18AE33000F1E35 /* ColorTheme.swift in Sources */,
				BDA6F6BC2E08944500C000D6 /* RuntimeTypeSearchScope.swift in Sources */,
				C02164D12D658F1D007FB6E5 /* CodePreferences.swift in Sources */,
				BD6D845B2E0B6D4500842F22 /* CodeAppearanceView.swift in Sources */,
			);
			runOnlyForDeploymentPostprocessing = 0;
		};
/* End PBXSourcesBuildPhase section */

/* Begin XCBuildConfiguration section */
		FAD662012B81D1220000D2A6 /* Debug */ = {
			isa = XCBuildConfiguration;
			buildSettings = {
				ALWAYS_SEARCH_USER_PATHS = NO;
				ASSETCATALOG_COMPILER_GENERATE_SWIFT_ASSET_SYMBOL_EXTENSIONS = YES;
				CLANG_ANALYZER_NONNULL = YES;
				CLANG_ANALYZER_NUMBER_OBJECT_CONVERSION = YES_AGGRESSIVE;
				CLANG_CXX_LANGUAGE_STANDARD = "gnu++20";
				CLANG_ENABLE_MODULES = YES;
				CLANG_ENABLE_OBJC_ARC = YES;
				CLANG_ENABLE_OBJC_WEAK = YES;
				CLANG_WARN_BLOCK_CAPTURE_AUTORELEASING = YES;
				CLANG_WARN_BOOL_CONVERSION = YES;
				CLANG_WARN_COMMA = YES;
				CLANG_WARN_CONSTANT_CONVERSION = YES;
				CLANG_WARN_DEPRECATED_OBJC_IMPLEMENTATIONS = YES;
				CLANG_WARN_DIRECT_OBJC_ISA_USAGE = YES_ERROR;
				CLANG_WARN_DOCUMENTATION_COMMENTS = YES;
				CLANG_WARN_EMPTY_BODY = YES;
				CLANG_WARN_ENUM_CONVERSION = YES;
				CLANG_WARN_INFINITE_RECURSION = YES;
				CLANG_WARN_INT_CONVERSION = YES;
				CLANG_WARN_NON_LITERAL_NULL_CONVERSION = YES;
				CLANG_WARN_OBJC_IMPLICIT_RETAIN_SELF = YES;
				CLANG_WARN_OBJC_LITERAL_CONVERSION = YES;
				CLANG_WARN_OBJC_ROOT_CLASS = YES_ERROR;
				CLANG_WARN_QUOTED_INCLUDE_IN_FRAMEWORK_HEADER = YES;
				CLANG_WARN_RANGE_LOOP_ANALYSIS = YES;
				CLANG_WARN_STRICT_PROTOTYPES = YES;
				CLANG_WARN_SUSPICIOUS_MOVE = YES;
				CLANG_WARN_UNGUARDED_AVAILABILITY = YES_AGGRESSIVE;
				CLANG_WARN_UNREACHABLE_CODE = YES;
				CLANG_WARN__DUPLICATE_METHOD_MATCH = YES;
				COPY_PHASE_STRIP = NO;
				DEAD_CODE_STRIPPING = YES;
				DEBUG_INFORMATION_FORMAT = dwarf;
				ENABLE_STRICT_OBJC_MSGSEND = YES;
				ENABLE_TESTABILITY = YES;
				ENABLE_USER_SCRIPT_SANDBOXING = YES;
				GCC_C_LANGUAGE_STANDARD = gnu17;
				GCC_DYNAMIC_NO_PIC = NO;
				GCC_NO_COMMON_BLOCKS = YES;
				GCC_OPTIMIZATION_LEVEL = 0;
				GCC_PREPROCESSOR_DEFINITIONS = (
					"DEBUG=1",
					"$(inherited)",
				);
				GCC_WARN_64_TO_32_BIT_CONVERSION = YES;
				GCC_WARN_ABOUT_RETURN_TYPE = YES_ERROR;
				GCC_WARN_UNDECLARED_SELECTOR = YES;
				GCC_WARN_UNINITIALIZED_AUTOS = YES_AGGRESSIVE;
				GCC_WARN_UNUSED_FUNCTION = YES;
				GCC_WARN_UNUSED_VARIABLE = YES;
				LOCALIZATION_PREFERS_STRING_CATALOGS = YES;
				MTL_ENABLE_DEBUG_INFO = INCLUDE_SOURCE;
				MTL_FAST_MATH = YES;
				ONLY_ACTIVE_ARCH = YES;
				SWIFT_ACTIVE_COMPILATION_CONDITIONS = "DEBUG $(inherited)";
				SWIFT_OPTIMIZATION_LEVEL = "-Onone";
			};
			name = Debug;
		};
		FAD662022B81D1220000D2A6 /* Release */ = {
			isa = XCBuildConfiguration;
			buildSettings = {
				ALWAYS_SEARCH_USER_PATHS = NO;
				ASSETCATALOG_COMPILER_GENERATE_SWIFT_ASSET_SYMBOL_EXTENSIONS = YES;
				CLANG_ANALYZER_NONNULL = YES;
				CLANG_ANALYZER_NUMBER_OBJECT_CONVERSION = YES_AGGRESSIVE;
				CLANG_CXX_LANGUAGE_STANDARD = "gnu++20";
				CLANG_ENABLE_MODULES = YES;
				CLANG_ENABLE_OBJC_ARC = YES;
				CLANG_ENABLE_OBJC_WEAK = YES;
				CLANG_WARN_BLOCK_CAPTURE_AUTORELEASING = YES;
				CLANG_WARN_BOOL_CONVERSION = YES;
				CLANG_WARN_COMMA = YES;
				CLANG_WARN_CONSTANT_CONVERSION = YES;
				CLANG_WARN_DEPRECATED_OBJC_IMPLEMENTATIONS = YES;
				CLANG_WARN_DIRECT_OBJC_ISA_USAGE = YES_ERROR;
				CLANG_WARN_DOCUMENTATION_COMMENTS = YES;
				CLANG_WARN_EMPTY_BODY = YES;
				CLANG_WARN_ENUM_CONVERSION = YES;
				CLANG_WARN_INFINITE_RECURSION = YES;
				CLANG_WARN_INT_CONVERSION = YES;
				CLANG_WARN_NON_LITERAL_NULL_CONVERSION = YES;
				CLANG_WARN_OBJC_IMPLICIT_RETAIN_SELF = YES;
				CLANG_WARN_OBJC_LITERAL_CONVERSION = YES;
				CLANG_WARN_OBJC_ROOT_CLASS = YES_ERROR;
				CLANG_WARN_QUOTED_INCLUDE_IN_FRAMEWORK_HEADER = YES;
				CLANG_WARN_RANGE_LOOP_ANALYSIS = YES;
				CLANG_WARN_STRICT_PROTOTYPES = YES;
				CLANG_WARN_SUSPICIOUS_MOVE = YES;
				CLANG_WARN_UNGUARDED_AVAILABILITY = YES_AGGRESSIVE;
				CLANG_WARN_UNREACHABLE_CODE = YES;
				CLANG_WARN__DUPLICATE_METHOD_MATCH = YES;
				COPY_PHASE_STRIP = NO;
				DEAD_CODE_STRIPPING = YES;
				DEBUG_INFORMATION_FORMAT = "dwarf-with-dsym";
				ENABLE_NS_ASSERTIONS = NO;
				ENABLE_STRICT_OBJC_MSGSEND = YES;
				ENABLE_USER_SCRIPT_SANDBOXING = YES;
				GCC_C_LANGUAGE_STANDARD = gnu17;
				GCC_NO_COMMON_BLOCKS = YES;
				GCC_WARN_64_TO_32_BIT_CONVERSION = YES;
				GCC_WARN_ABOUT_RETURN_TYPE = YES_ERROR;
				GCC_WARN_UNDECLARED_SELECTOR = YES;
				GCC_WARN_UNINITIALIZED_AUTOS = YES_AGGRESSIVE;
				GCC_WARN_UNUSED_FUNCTION = YES;
				GCC_WARN_UNUSED_VARIABLE = YES;
				LOCALIZATION_PREFERS_STRING_CATALOGS = YES;
				MTL_ENABLE_DEBUG_INFO = NO;
				MTL_FAST_MATH = YES;
				SWIFT_COMPILATION_MODE = wholemodule;
			};
			name = Release;
		};
		FAD662042B81D1220000D2A6 /* Debug */ = {
			isa = XCBuildConfiguration;
			buildSettings = {
				ASSETCATALOG_COMPILER_ALTERNATE_APPICON_NAMES = "AppIcon-DarkGreen AppIcon-LightGreen AppIcon-Purple AppIcon-Teal AppIcon-Black AppIcon-Orange AppIcon-Blue AppIcon-Red";
				ASSETCATALOG_COMPILER_APPICON_NAME = AppIcon;
				ASSETCATALOG_COMPILER_GLOBAL_ACCENT_COLOR_NAME = AccentColor;
				ASSETCATALOG_COMPILER_INCLUDE_ALL_APPICON_ASSETS = NO;
				CLANG_ENABLE_MODULES = YES;
				CODE_SIGN_STYLE = Automatic;
				CURRENT_PROJECT_VERSION = 1;
				DEVELOPMENT_TEAM = 48S57XVT54;
				ENABLE_HARDENED_RUNTIME = YES;
				ENABLE_PREVIEWS = YES;
				GENERATE_INFOPLIST_FILE = YES;
				INFOPLIST_FILE = HeaderViewer/Resources/Info.plist;
				INFOPLIST_KEY_CFBundleDisplayName = Headers.h;
				INFOPLIST_KEY_LSApplicationCategoryType = "public.app-category.developer-tools";
				"INFOPLIST_KEY_UIApplicationSceneManifest_Generation[sdk=iphoneos*]" = YES;
				"INFOPLIST_KEY_UIApplicationSceneManifest_Generation[sdk=iphonesimulator*]" = YES;
				"INFOPLIST_KEY_UIApplicationSupportsIndirectInputEvents[sdk=iphoneos*]" = YES;
				"INFOPLIST_KEY_UIApplicationSupportsIndirectInputEvents[sdk=iphonesimulator*]" = YES;
				"INFOPLIST_KEY_UILaunchScreen_Generation[sdk=iphoneos*]" = YES;
				"INFOPLIST_KEY_UILaunchScreen_Generation[sdk=iphonesimulator*]" = YES;
				"INFOPLIST_KEY_UIStatusBarStyle[sdk=iphoneos*]" = UIStatusBarStyleDefault;
				"INFOPLIST_KEY_UIStatusBarStyle[sdk=iphonesimulator*]" = UIStatusBarStyleDefault;
				INFOPLIST_KEY_UISupportedInterfaceOrientations = UIInterfaceOrientationPortrait;
				INFOPLIST_KEY_UISupportedInterfaceOrientations_iPad = "UIInterfaceOrientationLandscapeLeft UIInterfaceOrientationLandscapeRight UIInterfaceOrientationPortrait UIInterfaceOrientationPortraitUpsideDown";
				IPHONEOS_DEPLOYMENT_TARGET = 17.0;
				LD_RUNPATH_SEARCH_PATHS = "@executable_path/Frameworks";
				"LD_RUNPATH_SEARCH_PATHS[sdk=macosx*]" = "@executable_path/../Frameworks";
				MACOSX_DEPLOYMENT_TARGET = 13.0;
				MARKETING_VERSION = 1.0;
				PRODUCT_BUNDLE_IDENTIFIER = com.app.HeaderViewer;
				PRODUCT_NAME = "$(TARGET_NAME)";
				SDKROOT = auto;
				SUPPORTED_PLATFORMS = "iphoneos iphonesimulator";
				SUPPORTS_MACCATALYST = NO;
				SWIFT_EMIT_LOC_STRINGS = YES;
				SWIFT_OPTIMIZATION_LEVEL = "-Onone";
				SWIFT_VERSION = 5.0;
				TARGETED_DEVICE_FAMILY = "1,2,6";
			};
			name = Debug;
		};
		FAD662052B81D1220000D2A6 /* Release */ = {
			isa = XCBuildConfiguration;
			buildSettings = {
				ASSETCATALOG_COMPILER_ALTERNATE_APPICON_NAMES = "AppIcon-DarkGreen AppIcon-LightGreen AppIcon-Purple AppIcon-Teal AppIcon-Black AppIcon-Orange AppIcon-Blue AppIcon-Red";
				ASSETCATALOG_COMPILER_APPICON_NAME = AppIcon;
				ASSETCATALOG_COMPILER_GLOBAL_ACCENT_COLOR_NAME = AccentColor;
				ASSETCATALOG_COMPILER_INCLUDE_ALL_APPICON_ASSETS = NO;
				CLANG_ENABLE_MODULES = YES;
				CODE_SIGN_STYLE = Automatic;
				CURRENT_PROJECT_VERSION = 1;
				DEVELOPMENT_TEAM = 48S57XVT54;
				ENABLE_HARDENED_RUNTIME = YES;
				ENABLE_PREVIEWS = YES;
				GENERATE_INFOPLIST_FILE = YES;
				INFOPLIST_FILE = HeaderViewer/Resources/Info.plist;
				INFOPLIST_KEY_CFBundleDisplayName = Headers.h;
				INFOPLIST_KEY_LSApplicationCategoryType = "public.app-category.developer-tools";
				"INFOPLIST_KEY_UIApplicationSceneManifest_Generation[sdk=iphoneos*]" = YES;
				"INFOPLIST_KEY_UIApplicationSceneManifest_Generation[sdk=iphonesimulator*]" = YES;
				"INFOPLIST_KEY_UIApplicationSupportsIndirectInputEvents[sdk=iphoneos*]" = YES;
				"INFOPLIST_KEY_UIApplicationSupportsIndirectInputEvents[sdk=iphonesimulator*]" = YES;
				"INFOPLIST_KEY_UILaunchScreen_Generation[sdk=iphoneos*]" = YES;
				"INFOPLIST_KEY_UILaunchScreen_Generation[sdk=iphonesimulator*]" = YES;
				"INFOPLIST_KEY_UIStatusBarStyle[sdk=iphoneos*]" = UIStatusBarStyleDefault;
				"INFOPLIST_KEY_UIStatusBarStyle[sdk=iphonesimulator*]" = UIStatusBarStyleDefault;
				INFOPLIST_KEY_UISupportedInterfaceOrientations = UIInterfaceOrientationPortrait;
				INFOPLIST_KEY_UISupportedInterfaceOrientations_iPad = "UIInterfaceOrientationLandscapeLeft UIInterfaceOrientationLandscapeRight UIInterfaceOrientationPortrait UIInterfaceOrientationPortraitUpsideDown";
				IPHONEOS_DEPLOYMENT_TARGET = 17.0;
				LD_RUNPATH_SEARCH_PATHS = "@executable_path/Frameworks";
				"LD_RUNPATH_SEARCH_PATHS[sdk=macosx*]" = "@executable_path/../Frameworks";
				MACOSX_DEPLOYMENT_TARGET = 13.0;
				MARKETING_VERSION = 1.0;
				PRODUCT_BUNDLE_IDENTIFIER = com.app.HeaderViewer;
				PRODUCT_NAME = "$(TARGET_NAME)";
				SDKROOT = auto;
				SUPPORTED_PLATFORMS = "iphoneos iphonesimulator";
				SUPPORTS_MACCATALYST = NO;
				SWIFT_EMIT_LOC_STRINGS = YES;
				SWIFT_VERSION = 5.0;
				TARGETED_DEVICE_FAMILY = "1,2,6";
			};
			name = Release;
		};
/* End XCBuildConfiguration section */

/* Begin XCConfigurationList section */
		FAD661EF2B81D1210000D2A6 /* Build configuration list for PBXProject "HeaderViewer" */ = {
			isa = XCConfigurationList;
			buildConfigurations = (
				FAD662012B81D1220000D2A6 /* Debug */,
				FAD662022B81D1220000D2A6 /* Release */,
			);
			defaultConfigurationIsVisible = 0;
			defaultConfigurationName = Release;
		};
		FAD662032B81D1220000D2A6 /* Build configuration list for PBXNativeTarget "HeaderViewer" */ = {
			isa = XCConfigurationList;
			buildConfigurations = (
				FAD662042B81D1220000D2A6 /* Debug */,
				FAD662052B81D1220000D2A6 /* Release */,
			);
			defaultConfigurationIsVisible = 0;
			defaultConfigurationName = Release;
		};
/* End XCConfigurationList section */

/* Begin XCRemoteSwiftPackageReference section */
		C04090C82D2759260013D8F7 /* XCRemoteSwiftPackageReference "ClassDumpRuntime" */ = {
			isa = XCRemoteSwiftPackageReference;
			repositoryURL = "https://github.com/leptos-null/ClassDumpRuntime";
			requirement = {
				branch = master;
				kind = branch;
			};
		};
/* End XCRemoteSwiftPackageReference section */

/* Begin XCSwiftPackageProductDependency section */
		C04090C92D2759260013D8F7 /* ClassDumpRuntime */ = {
			isa = XCSwiftPackageProductDependency;
			package = C04090C82D2759260013D8F7 /* XCRemoteSwiftPackageReference "ClassDumpRuntime" */;
			productName = ClassDumpRuntime;
		};
/* End XCSwiftPackageProductDependency section */
	};
	rootObject = FAD661EC2B81D1210000D2A6 /* Project object */;
}
